// !$*UTF8*$!
{
	archiveVersion = 1;
	classes = {
	};
	objectVersion = 56;
	objects = {

/* Begin PBXBuildFile section */
		628FFAFD2B96476E00AC51CF /* GeneralProfileTableViewCell.swift in Sources */ = {isa = PBXBuildFile; fileRef = 628FFAFC2B96476E00AC51CF /* GeneralProfileTableViewCell.swift */; };
		628FFB2D2B97383900AC51CF /* TabBarController.swift in Sources */ = {isa = PBXBuildFile; fileRef = 628FFB2C2B97383900AC51CF /* TabBarController.swift */; };
		628FFB312B97399100AC51CF /* UIColor + ext.swift in Sources */ = {isa = PBXBuildFile; fileRef = 628FFB302B97399100AC51CF /* UIColor + ext.swift */; };
		628FFB332B9739DE00AC51CF /* Resources.swift in Sources */ = {isa = PBXBuildFile; fileRef = 628FFB322B9739DE00AC51CF /* Resources.swift */; };
		628FFB352B97430F00AC51CF /* NavBarController.swift in Sources */ = {isa = PBXBuildFile; fileRef = 628FFB342B97430F00AC51CF /* NavBarController.swift */; };
		628FFB382B97477600AC51CF /* BaseViewController.swift in Sources */ = {isa = PBXBuildFile; fileRef = 628FFB372B97477600AC51CF /* BaseViewController.swift */; };
		628FFB3A2B9748F700AC51CF /* UIView + ext.swift in Sources */ = {isa = PBXBuildFile; fileRef = 628FFB392B9748F700AC51CF /* UIView + ext.swift */; };
		628FFB3E2B97998500AC51CF /* SettingViewController.swift in Sources */ = {isa = PBXBuildFile; fileRef = 628FFB3D2B97998500AC51CF /* SettingViewController.swift */; };
		628FFB402B97999400AC51CF /* SettingView.swift in Sources */ = {isa = PBXBuildFile; fileRef = 628FFB3F2B97999400AC51CF /* SettingView.swift */; };
		628FFB422B9799AA00AC51CF /* SettingViewModel.swift in Sources */ = {isa = PBXBuildFile; fileRef = 628FFB412B9799AA00AC51CF /* SettingViewModel.swift */; };
		628FFB482B97A18700AC51CF /* NotificationViewController.swift in Sources */ = {isa = PBXBuildFile; fileRef = 628FFB472B97A18700AC51CF /* NotificationViewController.swift */; };
		628FFB4A2B97A1A200AC51CF /* FavoritesViewController.swift in Sources */ = {isa = PBXBuildFile; fileRef = 628FFB492B97A1A200AC51CF /* FavoritesViewController.swift */; };
		628FFB4C2B97A1B800AC51CF /* FavoritesView.swift in Sources */ = {isa = PBXBuildFile; fileRef = 628FFB4B2B97A1B800AC51CF /* FavoritesView.swift */; };
		628FFB4E2B97A1C900AC51CF /* NotificationView.swift in Sources */ = {isa = PBXBuildFile; fileRef = 628FFB4D2B97A1C900AC51CF /* NotificationView.swift */; };
		628FFB502B97A1DC00AC51CF /* NotificationViewModel.swift in Sources */ = {isa = PBXBuildFile; fileRef = 628FFB4F2B97A1DC00AC51CF /* NotificationViewModel.swift */; };
		628FFB532B97A22F00AC51CF /* FavoritesViewModel.swift in Sources */ = {isa = PBXBuildFile; fileRef = 628FFB522B97A22F00AC51CF /* FavoritesViewModel.swift */; };
		628FFB552B9F939300AC51CF /* SecurityTableViewCell.swift in Sources */ = {isa = PBXBuildFile; fileRef = 628FFB542B9F939300AC51CF /* SecurityTableViewCell.swift */; };
		62A391392B95CD18005C9CCB /* ProfileView.swift in Sources */ = {isa = PBXBuildFile; fileRef = 62A391382B95CD18005C9CCB /* ProfileView.swift */; };
		62A3913C2B95CD44005C9CCB /* ProfileViewModel.swift in Sources */ = {isa = PBXBuildFile; fileRef = 62A3913B2B95CD44005C9CCB /* ProfileViewModel.swift */; };
		62A391402B95CD7C005C9CCB /* Model.swift in Sources */ = {isa = PBXBuildFile; fileRef = 62A3913F2B95CD7C005C9CCB /* Model.swift */; };
		62A4D9D12B8B365500609449 /* AppDelegate.swift in Sources */ = {isa = PBXBuildFile; fileRef = 62A4D9D02B8B365500609449 /* AppDelegate.swift */; };
		62A4D9D32B8B365500609449 /* SceneDelegate.swift in Sources */ = {isa = PBXBuildFile; fileRef = 62A4D9D22B8B365500609449 /* SceneDelegate.swift */; };
		62A4D9D52B8B365500609449 /* ProfileViewController.swift in Sources */ = {isa = PBXBuildFile; fileRef = 62A4D9D42B8B365500609449 /* ProfileViewController.swift */; };
		62A4D9DB2B8B365500609449 /* MyFinanceApp.xcdatamodeld in Sources */ = {isa = PBXBuildFile; fileRef = 62A4D9D92B8B365500609449 /* MyFinanceApp.xcdatamodeld */; };
		62A4D9DD2B8B365700609449 /* Assets.xcassets in Resources */ = {isa = PBXBuildFile; fileRef = 62A4D9DC2B8B365700609449 /* Assets.xcassets */; };
		62A4D9E02B8B365700609449 /* LaunchScreen.storyboard in Resources */ = {isa = PBXBuildFile; fileRef = 62A4D9DE2B8B365700609449 /* LaunchScreen.storyboard */; };
/* End PBXBuildFile section */

/* Begin PBXFileReference section */
		628FFAFC2B96476E00AC51CF /* GeneralProfileTableViewCell.swift */ = {isa = PBXFileReference; lastKnownFileType = sourcecode.swift; path = GeneralProfileTableViewCell.swift; sourceTree = "<group>"; };
		628FFB2C2B97383900AC51CF /* TabBarController.swift */ = {isa = PBXFileReference; lastKnownFileType = sourcecode.swift; path = TabBarController.swift; sourceTree = "<group>"; };
		628FFB302B97399100AC51CF /* UIColor + ext.swift */ = {isa = PBXFileReference; lastKnownFileType = sourcecode.swift; path = "UIColor + ext.swift"; sourceTree = "<group>"; };
		628FFB322B9739DE00AC51CF /* Resources.swift */ = {isa = PBXFileReference; lastKnownFileType = sourcecode.swift; path = Resources.swift; sourceTree = "<group>"; };
		628FFB342B97430F00AC51CF /* NavBarController.swift */ = {isa = PBXFileReference; lastKnownFileType = sourcecode.swift; path = NavBarController.swift; sourceTree = "<group>"; };
		628FFB372B97477600AC51CF /* BaseViewController.swift */ = {isa = PBXFileReference; lastKnownFileType = sourcecode.swift; path = BaseViewController.swift; sourceTree = "<group>"; };
		628FFB392B9748F700AC51CF /* UIView + ext.swift */ = {isa = PBXFileReference; lastKnownFileType = sourcecode.swift; path = "UIView + ext.swift"; sourceTree = "<group>"; };
		628FFB3D2B97998500AC51CF /* SettingViewController.swift */ = {isa = PBXFileReference; lastKnownFileType = sourcecode.swift; path = SettingViewController.swift; sourceTree = "<group>"; };
		628FFB3F2B97999400AC51CF /* SettingView.swift */ = {isa = PBXFileReference; lastKnownFileType = sourcecode.swift; path = SettingView.swift; sourceTree = "<group>"; };
		628FFB412B9799AA00AC51CF /* SettingViewModel.swift */ = {isa = PBXFileReference; lastKnownFileType = sourcecode.swift; path = SettingViewModel.swift; sourceTree = "<group>"; };
		628FFB472B97A18700AC51CF /* NotificationViewController.swift */ = {isa = PBXFileReference; lastKnownFileType = sourcecode.swift; path = NotificationViewController.swift; sourceTree = "<group>"; };
		628FFB492B97A1A200AC51CF /* FavoritesViewController.swift */ = {isa = PBXFileReference; lastKnownFileType = sourcecode.swift; path = FavoritesViewController.swift; sourceTree = "<group>"; };
		628FFB4B2B97A1B800AC51CF /* FavoritesView.swift */ = {isa = PBXFileReference; lastKnownFileType = sourcecode.swift; path = FavoritesView.swift; sourceTree = "<group>"; };
		628FFB4D2B97A1C900AC51CF /* NotificationView.swift */ = {isa = PBXFileReference; lastKnownFileType = sourcecode.swift; path = NotificationView.swift; sourceTree = "<group>"; };
		628FFB4F2B97A1DC00AC51CF /* NotificationViewModel.swift */ = {isa = PBXFileReference; lastKnownFileType = sourcecode.swift; path = NotificationViewModel.swift; sourceTree = "<group>"; };
		628FFB522B97A22F00AC51CF /* FavoritesViewModel.swift */ = {isa = PBXFileReference; lastKnownFileType = sourcecode.swift; path = FavoritesViewModel.swift; sourceTree = "<group>"; };
		628FFB542B9F939300AC51CF /* SecurityTableViewCell.swift */ = {isa = PBXFileReference; lastKnownFileType = sourcecode.swift; path = SecurityTableViewCell.swift; sourceTree = "<group>"; };
		62A391382B95CD18005C9CCB /* ProfileView.swift */ = {isa = PBXFileReference; lastKnownFileType = sourcecode.swift; path = ProfileView.swift; sourceTree = "<group>"; };
		62A3913B2B95CD44005C9CCB /* ProfileViewModel.swift */ = {isa = PBXFileReference; lastKnownFileType = sourcecode.swift; path = ProfileViewModel.swift; sourceTree = "<group>"; };
		62A3913F2B95CD7C005C9CCB /* Model.swift */ = {isa = PBXFileReference; lastKnownFileType = sourcecode.swift; path = Model.swift; sourceTree = "<group>"; };
		62A4D9CD2B8B365500609449 /* MyFinanceApp.app */ = {isa = PBXFileReference; explicitFileType = wrapper.application; includeInIndex = 0; path = MyFinanceApp.app; sourceTree = BUILT_PRODUCTS_DIR; };
		62A4D9D02B8B365500609449 /* AppDelegate.swift */ = {isa = PBXFileReference; lastKnownFileType = sourcecode.swift; path = AppDelegate.swift; sourceTree = "<group>"; };
		62A4D9D22B8B365500609449 /* SceneDelegate.swift */ = {isa = PBXFileReference; lastKnownFileType = sourcecode.swift; path = SceneDelegate.swift; sourceTree = "<group>"; };
		62A4D9D42B8B365500609449 /* ProfileViewController.swift */ = {isa = PBXFileReference; lastKnownFileType = sourcecode.swift; path = ProfileViewController.swift; sourceTree = "<group>"; };
		62A4D9DA2B8B365500609449 /* MyFinanceApp.xcdatamodel */ = {isa = PBXFileReference; lastKnownFileType = wrapper.xcdatamodel; path = MyFinanceApp.xcdatamodel; sourceTree = "<group>"; };
		62A4D9DC2B8B365700609449 /* Assets.xcassets */ = {isa = PBXFileReference; lastKnownFileType = folder.assetcatalog; path = Assets.xcassets; sourceTree = "<group>"; };
		62A4D9DF2B8B365700609449 /* Base */ = {isa = PBXFileReference; lastKnownFileType = file.storyboard; name = Base; path = Base.lproj/LaunchScreen.storyboard; sourceTree = "<group>"; };
		62A4D9E12B8B365700609449 /* Info.plist */ = {isa = PBXFileReference; lastKnownFileType = text.plist.xml; path = Info.plist; sourceTree = "<group>"; };
/* End PBXFileReference section */

/* Begin PBXFrameworksBuildPhase section */
		62A4D9CA2B8B365500609449 /* Frameworks */ = {
			isa = PBXFrameworksBuildPhase;
			buildActionMask = 2147483647;
			files = (
			);
			runOnlyForDeploymentPostprocessing = 0;
		};
/* End PBXFrameworksBuildPhase section */

/* Begin PBXGroup section */
		628FFAFE2B96477300AC51CF /* Cells */ = {
			isa = PBXGroup;
			children = (
				628FFAFC2B96476E00AC51CF /* GeneralProfileTableViewCell.swift */,
				628FFB542B9F939300AC51CF /* SecurityTableViewCell.swift */,
			);
			path = Cells;
			sourceTree = "<group>";
		};
		628FFB2A2B9732D900AC51CF /* SupportingFiles */ = {
			isa = PBXGroup;
			children = (
				62A4D9DC2B8B365700609449 /* Assets.xcassets */,
				62A4D9DE2B8B365700609449 /* LaunchScreen.storyboard */,
				62A4D9E12B8B365700609449 /* Info.plist */,
			);
			path = SupportingFiles;
			sourceTree = "<group>";
		};
		628FFB2B2B97334700AC51CF /* Application */ = {
			isa = PBXGroup;
			children = (
				62A4D9D02B8B365500609449 /* AppDelegate.swift */,
				62A4D9D22B8B365500609449 /* SceneDelegate.swift */,
			);
			path = Application;
			sourceTree = "<group>";
		};
		628FFB2E2B97395800AC51CF /* Helpers */ = {
			isa = PBXGroup;
			children = (
				628FFB2F2B97397000AC51CF /* Extensions */,
				628FFB322B9739DE00AC51CF /* Resources.swift */,
			);
			path = Helpers;
			sourceTree = "<group>";
		};
		628FFB2F2B97397000AC51CF /* Extensions */ = {
			isa = PBXGroup;
			children = (
				628FFB302B97399100AC51CF /* UIColor + ext.swift */,
				628FFB392B9748F700AC51CF /* UIView + ext.swift */,
			);
			path = Extensions;
			sourceTree = "<group>";
		};
		628FFB362B9745C000AC51CF /* Controllers */ = {
			isa = PBXGroup;
			children = (
				628FFB2C2B97383900AC51CF /* TabBarController.swift */,
				628FFB342B97430F00AC51CF /* NavBarController.swift */,
				628FFB372B97477600AC51CF /* BaseViewController.swift */,
			);
			path = Controllers;
			sourceTree = "<group>";
		};
		628FFB432B979C2500AC51CF /* Main */ = {
			isa = PBXGroup;
			children = (
				62A4D9D42B8B365500609449 /* ProfileViewController.swift */,
				62A391382B95CD18005C9CCB /* ProfileView.swift */,
			);
			path = Main;
			sourceTree = "<group>";
		};
		628FFB442B979C2F00AC51CF /* Setting */ = {
			isa = PBXGroup;
			children = (
				628FFB3D2B97998500AC51CF /* SettingViewController.swift */,
				628FFB3F2B97999400AC51CF /* SettingView.swift */,
			);
			path = Setting;
			sourceTree = "<group>";
		};
		628FFB452B97A13A00AC51CF /* Notification */ = {
			isa = PBXGroup;
			children = (
				628FFB472B97A18700AC51CF /* NotificationViewController.swift */,
				628FFB4D2B97A1C900AC51CF /* NotificationView.swift */,
			);
			path = Notification;
			sourceTree = "<group>";
		};
		628FFB462B97A14D00AC51CF /* Favorites */ = {
			isa = PBXGroup;
			children = (
				628FFB492B97A1A200AC51CF /* FavoritesViewController.swift */,
				628FFB4B2B97A1B800AC51CF /* FavoritesView.swift */,
			);
			path = Favorites;
			sourceTree = "<group>";
		};
		62A3913A2B95CD1F005C9CCB /* Profile Screens */ = {
			isa = PBXGroup;
			children = (
				62A3913D2B95CD57005C9CCB /* Views */,
				62A3913E2B95CD62005C9CCB /* ViewModels */,
				62A3913F2B95CD7C005C9CCB /* Model.swift */,
				628FFAFE2B96477300AC51CF /* Cells */,
			);
			path = "Profile Screens";
			sourceTree = "<group>";
		};
		62A3913D2B95CD57005C9CCB /* Views */ = {
			isa = PBXGroup;
			children = (
				628FFB432B979C2500AC51CF /* Main */,
				628FFB462B97A14D00AC51CF /* Favorites */,
				628FFB452B97A13A00AC51CF /* Notification */,
				628FFB442B979C2F00AC51CF /* Setting */,
			);
			path = Views;
			sourceTree = "<group>";
		};
		62A3913E2B95CD62005C9CCB /* ViewModels */ = {
			isa = PBXGroup;
			children = (
				62A3913B2B95CD44005C9CCB /* ProfileViewModel.swift */,
				628FFB412B9799AA00AC51CF /* SettingViewModel.swift */,
				628FFB4F2B97A1DC00AC51CF /* NotificationViewModel.swift */,
				628FFB522B97A22F00AC51CF /* FavoritesViewModel.swift */,
			);
			path = ViewModels;
			sourceTree = "<group>";
		};
		62A4D9C42B8B365400609449 = {
			isa = PBXGroup;
			children = (
				628FFB2E2B97395800AC51CF /* Helpers */,
				62A4D9CF2B8B365500609449 /* MyFinanceApp */,
				62A4D9CE2B8B365500609449 /* Products */,
			);
			sourceTree = "<group>";
		};
		62A4D9CE2B8B365500609449 /* Products */ = {
			isa = PBXGroup;
			children = (
				62A4D9CD2B8B365500609449 /* MyFinanceApp.app */,
			);
			name = Products;
			sourceTree = "<group>";
		};
		62A4D9CF2B8B365500609449 /* MyFinanceApp */ = {
			isa = PBXGroup;
			children = (
				628FFB2B2B97334700AC51CF /* Application */,
				62A3913A2B95CD1F005C9CCB /* Profile Screens */,
				628FFB2A2B9732D900AC51CF /* SupportingFiles */,
				62A4D9D92B8B365500609449 /* MyFinanceApp.xcdatamodeld */,
				628FFB362B9745C000AC51CF /* Controllers */,
			);
			path = MyFinanceApp;
			sourceTree = "<group>";
		};
/* End PBXGroup section */

/* Begin PBXNativeTarget section */
		62A4D9CC2B8B365500609449 /* MyFinanceApp */ = {
			isa = PBXNativeTarget;
			buildConfigurationList = 62A4D9E42B8B365700609449 /* Build configuration list for PBXNativeTarget "MyFinanceApp" */;
			buildPhases = (
				62A4D9C92B8B365500609449 /* Sources */,
				62A4D9CA2B8B365500609449 /* Frameworks */,
				62A4D9CB2B8B365500609449 /* Resources */,
			);
			buildRules = (
			);
			dependencies = (
			);
			name = MyFinanceApp;
			productName = MyFinanceApp;
			productReference = 62A4D9CD2B8B365500609449 /* MyFinanceApp.app */;
			productType = "com.apple.product-type.application";
		};
/* End PBXNativeTarget section */

/* Begin PBXProject section */
		62A4D9C52B8B365400609449 /* Project object */ = {
			isa = PBXProject;
			attributes = {
				BuildIndependentTargetsInParallel = 1;
				LastSwiftUpdateCheck = 1500;
				LastUpgradeCheck = 1500;
				TargetAttributes = {
					62A4D9CC2B8B365500609449 = {
						CreatedOnToolsVersion = 15.0;
					};
				};
			};
			buildConfigurationList = 62A4D9C82B8B365400609449 /* Build configuration list for PBXProject "MyFinanceApp" */;
			compatibilityVersion = "Xcode 14.0";
			developmentRegion = en;
			hasScannedForEncodings = 0;
			knownRegions = (
				en,
				Base,
			);
			mainGroup = 62A4D9C42B8B365400609449;
			productRefGroup = 62A4D9CE2B8B365500609449 /* Products */;
			projectDirPath = "";
			projectRoot = "";
			targets = (
				62A4D9CC2B8B365500609449 /* MyFinanceApp */,
			);
		};
/* End PBXProject section */

/* Begin PBXResourcesBuildPhase section */
		62A4D9CB2B8B365500609449 /* Resources */ = {
			isa = PBXResourcesBuildPhase;
			buildActionMask = 2147483647;
			files = (
				62A4D9E02B8B365700609449 /* LaunchScreen.storyboard in Resources */,
				62A4D9DD2B8B365700609449 /* Assets.xcassets in Resources */,
			);
			runOnlyForDeploymentPostprocessing = 0;
		};
/* End PBXResourcesBuildPhase section */

/* Begin PBXSourcesBuildPhase section */
		62A4D9C92B8B365500609449 /* Sources */ = {
			isa = PBXSourcesBuildPhase;
			buildActionMask = 2147483647;
			files = (
				628FFB4C2B97A1B800AC51CF /* FavoritesView.swift in Sources */,
				628FFB552B9F939300AC51CF /* SecurityTableViewCell.swift in Sources */,
				628FFB382B97477600AC51CF /* BaseViewController.swift in Sources */,
				628FFB4E2B97A1C900AC51CF /* NotificationView.swift in Sources */,
				62A391402B95CD7C005C9CCB /* Model.swift in Sources */,
				62A3913C2B95CD44005C9CCB /* ProfileViewModel.swift in Sources */,
				628FFAFD2B96476E00AC51CF /* GeneralProfileTableViewCell.swift in Sources */,
				628FFB312B97399100AC51CF /* UIColor + ext.swift in Sources */,
				628FFB402B97999400AC51CF /* SettingView.swift in Sources */,
				628FFB502B97A1DC00AC51CF /* NotificationViewModel.swift in Sources */,
				628FFB532B97A22F00AC51CF /* FavoritesViewModel.swift in Sources */,
				628FFB422B9799AA00AC51CF /* SettingViewModel.swift in Sources */,
				628FFB3E2B97998500AC51CF /* SettingViewController.swift in Sources */,
				628FFB2D2B97383900AC51CF /* TabBarController.swift in Sources */,
				62A4D9DB2B8B365500609449 /* MyFinanceApp.xcdatamodeld in Sources */,
				628FFB4A2B97A1A200AC51CF /* FavoritesViewController.swift in Sources */,
				62A4D9D52B8B365500609449 /* ProfileViewController.swift in Sources */,
				628FFB3A2B9748F700AC51CF /* UIView + ext.swift in Sources */,
				628FFB352B97430F00AC51CF /* NavBarController.swift in Sources */,
				62A391392B95CD18005C9CCB /* ProfileView.swift in Sources */,
				628FFB482B97A18700AC51CF /* NotificationViewController.swift in Sources */,
				628FFB332B9739DE00AC51CF /* Resources.swift in Sources */,
				62A4D9D12B8B365500609449 /* AppDelegate.swift in Sources */,
				62A4D9D32B8B365500609449 /* SceneDelegate.swift in Sources */,
			);
			runOnlyForDeploymentPostprocessing = 0;
		};
/* End PBXSourcesBuildPhase section */

/* Begin PBXVariantGroup section */
		62A4D9DE2B8B365700609449 /* LaunchScreen.storyboard */ = {
			isa = PBXVariantGroup;
			children = (
				62A4D9DF2B8B365700609449 /* Base */,
			);
			name = LaunchScreen.storyboard;
			sourceTree = "<group>";
		};
/* End PBXVariantGroup section */

/* Begin XCBuildConfiguration section */
		62A4D9E22B8B365700609449 /* Debug */ = {
			isa = XCBuildConfiguration;
			buildSettings = {
				ALWAYS_SEARCH_USER_PATHS = NO;
				ASSETCATALOG_COMPILER_GENERATE_SWIFT_ASSET_SYMBOL_EXTENSIONS = YES;
				CLANG_ANALYZER_NONNULL = YES;
				CLANG_ANALYZER_NUMBER_OBJECT_CONVERSION = YES_AGGRESSIVE;
				CLANG_CXX_LANGUAGE_STANDARD = "gnu++20";
				CLANG_ENABLE_MODULES = YES;
				CLANG_ENABLE_OBJC_ARC = YES;
				CLANG_ENABLE_OBJC_WEAK = YES;
				CLANG_WARN_BLOCK_CAPTURE_AUTORELEASING = YES;
				CLANG_WARN_BOOL_CONVERSION = YES;
				CLANG_WARN_COMMA = YES;
				CLANG_WARN_CONSTANT_CONVERSION = YES;
				CLANG_WARN_DEPRECATED_OBJC_IMPLEMENTATIONS = YES;
				CLANG_WARN_DIRECT_OBJC_ISA_USAGE = YES_ERROR;
				CLANG_WARN_DOCUMENTATION_COMMENTS = YES;
				CLANG_WARN_EMPTY_BODY = YES;
				CLANG_WARN_ENUM_CONVERSION = YES;
				CLANG_WARN_INFINITE_RECURSION = YES;
				CLANG_WARN_INT_CONVERSION = YES;
				CLANG_WARN_NON_LITERAL_NULL_CONVERSION = YES;
				CLANG_WARN_OBJC_IMPLICIT_RETAIN_SELF = YES;
				CLANG_WARN_OBJC_LITERAL_CONVERSION = YES;
				CLANG_WARN_OBJC_ROOT_CLASS = YES_ERROR;
				CLANG_WARN_QUOTED_INCLUDE_IN_FRAMEWORK_HEADER = YES;
				CLANG_WARN_RANGE_LOOP_ANALYSIS = YES;
				CLANG_WARN_STRICT_PROTOTYPES = YES;
				CLANG_WARN_SUSPICIOUS_MOVE = YES;
				CLANG_WARN_UNGUARDED_AVAILABILITY = YES_AGGRESSIVE;
				CLANG_WARN_UNREACHABLE_CODE = YES;
				CLANG_WARN__DUPLICATE_METHOD_MATCH = YES;
				COPY_PHASE_STRIP = NO;
				DEBUG_INFORMATION_FORMAT = dwarf;
				ENABLE_STRICT_OBJC_MSGSEND = YES;
				ENABLE_TESTABILITY = YES;
				ENABLE_USER_SCRIPT_SANDBOXING = YES;
				GCC_C_LANGUAGE_STANDARD = gnu17;
				GCC_DYNAMIC_NO_PIC = NO;
				GCC_NO_COMMON_BLOCKS = YES;
				GCC_OPTIMIZATION_LEVEL = 0;
				GCC_PREPROCESSOR_DEFINITIONS = (
					"DEBUG=1",
					"$(inherited)",
				);
				GCC_WARN_64_TO_32_BIT_CONVERSION = YES;
				GCC_WARN_ABOUT_RETURN_TYPE = YES_ERROR;
				GCC_WARN_UNDECLARED_SELECTOR = YES;
				GCC_WARN_UNINITIALIZED_AUTOS = YES_AGGRESSIVE;
				GCC_WARN_UNUSED_FUNCTION = YES;
				GCC_WARN_UNUSED_VARIABLE = YES;
				IPHONEOS_DEPLOYMENT_TARGET = 17.0;
				LOCALIZATION_PREFERS_STRING_CATALOGS = YES;
				MTL_ENABLE_DEBUG_INFO = INCLUDE_SOURCE;
				MTL_FAST_MATH = YES;
				ONLY_ACTIVE_ARCH = YES;
				SDKROOT = iphoneos;
				SWIFT_ACTIVE_COMPILATION_CONDITIONS = "DEBUG $(inherited)";
				SWIFT_OPTIMIZATION_LEVEL = "-Onone";
			};
			name = Debug;
		};
		62A4D9E32B8B365700609449 /* Release */ = {
			isa = XCBuildConfiguration;
			buildSettings = {
				ALWAYS_SEARCH_USER_PATHS = NO;
				ASSETCATALOG_COMPILER_GENERATE_SWIFT_ASSET_SYMBOL_EXTENSIONS = YES;
				CLANG_ANALYZER_NONNULL = YES;
				CLANG_ANALYZER_NUMBER_OBJECT_CONVERSION = YES_AGGRESSIVE;
				CLANG_CXX_LANGUAGE_STANDARD = "gnu++20";
				CLANG_ENABLE_MODULES = YES;
				CLANG_ENABLE_OBJC_ARC = YES;
				CLANG_ENABLE_OBJC_WEAK = YES;
				CLANG_WARN_BLOCK_CAPTURE_AUTORELEASING = YES;
				CLANG_WARN_BOOL_CONVERSION = YES;
				CLANG_WARN_COMMA = YES;
				CLANG_WARN_CONSTANT_CONVERSION = YES;
				CLANG_WARN_DEPRECATED_OBJC_IMPLEMENTATIONS = YES;
				CLANG_WARN_DIRECT_OBJC_ISA_USAGE = YES_ERROR;
				CLANG_WARN_DOCUMENTATION_COMMENTS = YES;
				CLANG_WARN_EMPTY_BODY = YES;
				CLANG_WARN_ENUM_CONVERSION = YES;
				CLANG_WARN_INFINITE_RECURSION = YES;
				CLANG_WARN_INT_CONVERSION = YES;
				CLANG_WARN_NON_LITERAL_NULL_CONVERSION = YES;
				CLANG_WARN_OBJC_IMPLICIT_RETAIN_SELF = YES;
				CLANG_WARN_OBJC_LITERAL_CONVERSION = YES;
				CLANG_WARN_OBJC_ROOT_CLASS = YES_ERROR;
				CLANG_WARN_QUOTED_INCLUDE_IN_FRAMEWORK_HEADER = YES;
				CLANG_WARN_RANGE_LOOP_ANALYSIS = YES;
				CLANG_WARN_STRICT_PROTOTYPES = YES;
				CLANG_WARN_SUSPICIOUS_MOVE = YES;
				CLANG_WARN_UNGUARDED_AVAILABILITY = YES_AGGRESSIVE;
				CLANG_WARN_UNREACHABLE_CODE = YES;
				CLANG_WARN__DUPLICATE_METHOD_MATCH = YES;
				COPY_PHASE_STRIP = NO;
				DEBUG_INFORMATION_FORMAT = "dwarf-with-dsym";
				ENABLE_NS_ASSERTIONS = NO;
				ENABLE_STRICT_OBJC_MSGSEND = YES;
				ENABLE_USER_SCRIPT_SANDBOXING = YES;
				GCC_C_LANGUAGE_STANDARD = gnu17;
				GCC_NO_COMMON_BLOCKS = YES;
				GCC_WARN_64_TO_32_BIT_CONVERSION = YES;
				GCC_WARN_ABOUT_RETURN_TYPE = YES_ERROR;
				GCC_WARN_UNDECLARED_SELECTOR = YES;
				GCC_WARN_UNINITIALIZED_AUTOS = YES_AGGRESSIVE;
				GCC_WARN_UNUSED_FUNCTION = YES;
				GCC_WARN_UNUSED_VARIABLE = YES;
				IPHONEOS_DEPLOYMENT_TARGET = 17.0;
				LOCALIZATION_PREFERS_STRING_CATALOGS = YES;
				MTL_ENABLE_DEBUG_INFO = NO;
				MTL_FAST_MATH = YES;
				SDKROOT = iphoneos;
				SWIFT_COMPILATION_MODE = wholemodule;
				VALIDATE_PRODUCT = YES;
			};
			name = Release;
		};
		62A4D9E52B8B365700609449 /* Debug */ = {
			isa = XCBuildConfiguration;
			buildSettings = {
				ASSETCATALOG_COMPILER_APPICON_NAME = AppIcon;
				ASSETCATALOG_COMPILER_GLOBAL_ACCENT_COLOR_NAME = AccentColor;
				CODE_SIGN_STYLE = Automatic;
				CURRENT_PROJECT_VERSION = 1;
				DEVELOPMENT_TEAM = HM82ZPV389;
				GENERATE_INFOPLIST_FILE = YES;
				INFOPLIST_FILE = MyFinanceApp/SupportingFiles/Info.plist;
				INFOPLIST_KEY_UIApplicationSupportsIndirectInputEvents = YES;
				INFOPLIST_KEY_UILaunchStoryboardName = LaunchScreen;
				INFOPLIST_KEY_UISupportedInterfaceOrientations_iPad = "UIInterfaceOrientationPortrait UIInterfaceOrientationPortraitUpsideDown UIInterfaceOrientationLandscapeLeft UIInterfaceOrientationLandscapeRight";
				INFOPLIST_KEY_UISupportedInterfaceOrientations_iPhone = "UIInterfaceOrientationPortrait UIInterfaceOrientationLandscapeLeft UIInterfaceOrientationLandscapeRight";
				LD_RUNPATH_SEARCH_PATHS = (
					"$(inherited)",
					"@executable_path/Frameworks",
				);
				MARKETING_VERSION = 1.0;
				PRODUCT_BUNDLE_IDENTIFIER = testApp.MyFinanceApp;
				PRODUCT_NAME = "$(TARGET_NAME)";
				SWIFT_EMIT_LOC_STRINGS = YES;
				SWIFT_VERSION = 5.0;
				TARGETED_DEVICE_FAMILY = "1,2";
			};
			name = Debug;
		};
		62A4D9E62B8B365700609449 /* Release */ = {
			isa = XCBuildConfiguration;
			buildSettings = {
				ASSETCATALOG_COMPILER_APPICON_NAME = AppIcon;
				ASSETCATALOG_COMPILER_GLOBAL_ACCENT_COLOR_NAME = AccentColor;
				CODE_SIGN_STYLE = Automatic;
				CURRENT_PROJECT_VERSION = 1;
				DEVELOPMENT_TEAM = HM82ZPV389;
				GENERATE_INFOPLIST_FILE = YES;
				INFOPLIST_FILE = MyFinanceApp/SupportingFiles/Info.plist;
				INFOPLIST_KEY_UIApplicationSupportsIndirectInputEvents = YES;
				INFOPLIST_KEY_UILaunchStoryboardName = LaunchScreen;
				INFOPLIST_KEY_UISupportedInterfaceOrientations_iPad = "UIInterfaceOrientationPortrait UIInterfaceOrientationPortraitUpsideDown UIInterfaceOrientationLandscapeLeft UIInterfaceOrientationLandscapeRight";
				INFOPLIST_KEY_UISupportedInterfaceOrientations_iPhone = "UIInterfaceOrientationPortrait UIInterfaceOrientationLandscapeLeft UIInterfaceOrientationLandscapeRight";
				LD_RUNPATH_SEARCH_PATHS = (
					"$(inherited)",
					"@executable_path/Frameworks",
				);
				MARKETING_VERSION = 1.0;
				PRODUCT_BUNDLE_IDENTIFIER = testApp.MyFinanceApp;
				PRODUCT_NAME = "$(TARGET_NAME)";
				SWIFT_EMIT_LOC_STRINGS = YES;
				SWIFT_VERSION = 5.0;
				TARGETED_DEVICE_FAMILY = "1,2";
			};
			name = Release;
		};
/* End XCBuildConfiguration section */

/* Begin XCConfigurationList section */
		62A4D9C82B8B365400609449 /* Build configuration list for PBXProject "MyFinanceApp" */ = {
			isa = XCConfigurationList;
			buildConfigurations = (
				62A4D9E22B8B365700609449 /* Debug */,
				62A4D9E32B8B365700609449 /* Release */,
			);
			defaultConfigurationIsVisible = 0;
			defaultConfigurationName = Release;
		};
		62A4D9E42B8B365700609449 /* Build configuration list for PBXNativeTarget "MyFinanceApp" */ = {
			isa = XCConfigurationList;
			buildConfigurations = (
				62A4D9E52B8B365700609449 /* Debug */,
				62A4D9E62B8B365700609449 /* Release */,
			);
			defaultConfigurationIsVisible = 0;
			defaultConfigurationName = Release;
		};
/* End XCConfigurationList section */

/* Begin XCVersionGroup section */
		62A4D9D92B8B365500609449 /* MyFinanceApp.xcdatamodeld */ = {
			isa = XCVersionGroup;
			children = (
				62A4D9DA2B8B365500609449 /* MyFinanceApp.xcdatamodel */,
			);
			currentVersion = 62A4D9DA2B8B365500609449 /* MyFinanceApp.xcdatamodel */;
			path = MyFinanceApp.xcdatamodeld;
			sourceTree = "<group>";
			versionGroupType = wrapper.xcdatamodel;
		};
/* End XCVersionGroup section */
	};
	rootObject = 62A4D9C52B8B365400609449 /* Project object */;
}
